{
  "name": "chrome-ext-gpt",
  "version": "1.0.0",
  "lockfileVersion": 3,
  "requires": true,
  "packages": {
    "": {
      "name": "chrome-ext-gpt",
      "version": "1.0.0",
      "license": "Apache-2.0",
      "dependencies": {
        "@teqfw/di": ">=1.0.1 <2.0.0"
      }
    },
    "node_modules/@teqfw/di": {
      "version": "1.0.1",
      "resolved": "https://registry.npmjs.org/@teqfw/di/-/di-1.0.1.tgz",
      "integrity": "sha512-9JGr1VC0dnGGXSyDlSouqnjqUnSCO6hMBg0tvRfP/71S3ESQZ16n13IFGJ2Yy1Ziec+lEZwb9TnPNMlA2hipmw==",
      "license": "Apache-2.0",
      "engines": {
        "node": ">=20"
      },
      "funding": {
        "type": "individual",
        "url": "https://github.com/sponsors/teqfw"
      }
    }
  }
}
